active_locators:
  - mode: text
    value: Cancel
    uses: 0
  - mode: text
    value: Block
    uses: 0
actions:
  - verb: click
    name: cancel
    locators:
      - mode: text
        value: Cancel
        uses: 1
  - verb: click
    name: block
    locators:
      - mode: text
        value: Block
        uses: 0
inactive_locators:
  - mode: ''
    value: ''
    uses: 0
